
Microsoft Visual Studio Solution File, Format Version 12.00
# Visual Studio 15
VisualStudioVersion = 15.0.27703.2000
MinimumVisualStudioVersion = 10.0.40219.1
Project("{F184B08F-C81C-45F6-A57F-5ABD9991F28F}") = "Strings", "Strings\Strings.vbproj", "{85A47560-8498-4638-A133-FB5AE139D827}"
EndProject
Global
	GlobalSection(SolutionConfigurationPlatforms) = preSolution
		Debug|Any CPU = Debug|Any CPU
		Release|Any CPU = Release|Any CPU
	EndGlobalSection
	GlobalSection(ProjectConfigurationPlatforms) = postSolution
		{85A47560-8498-4638-A133-FB5AE139D827}.Debug|Any CPU.ActiveCfg = Debug|Any CPU
		{85A47560-8498-4638-A133-FB5AE139D827}.Debug|Any CPU.Build.0 = Debug|Any CPU
		{85A47560-8498-4638-A133-FB5AE139D827}.Release|Any CPU.ActiveCfg = Release|Any CPU
		{85A47560-8498-4638-A133-FB5AE139D827}.Release|Any CPU.Build.0 = Release|Any CPU
	EndGlobalSection
	GlobalSection(SolutionProperties) = preSolution
		HideSolutionNode = FALSE
	EndGlobalSection
	GlobalSection(ExtensibilityGlobals) = postSolution
		SolutionGuid = {CD95F84E-8FA1-4CF8-AD61-C565835AF010}
	EndGlobalSection
EndGlobal
