
Microsoft Visual Studio Solution File, Format Version 12.00
# Visual Studio 15
VisualStudioVersion = 15.0.27703.2000
MinimumVisualStudioVersion = 10.0.40219.1
Project("{F184B08F-C81C-45F6-A57F-5ABD9991F28F}") = "Arrays2", "Arrays2\Arrays2.vbproj", "{D7BF3F79-56B5-4A38-8231-13960662BF31}"
EndProject
Global
	GlobalSection(SolutionConfigurationPlatforms) = preSolution
		Debug|Any CPU = Debug|Any CPU
		Release|Any CPU = Release|Any CPU
	EndGlobalSection
	GlobalSection(ProjectConfigurationPlatforms) = postSolution
		{D7BF3F79-56B5-4A38-8231-13960662BF31}.Debug|Any CPU.ActiveCfg = Debug|Any CPU
		{D7BF3F79-56B5-4A38-8231-13960662BF31}.Debug|Any CPU.Build.0 = Debug|Any CPU
		{D7BF3F79-56B5-4A38-8231-13960662BF31}.Release|Any CPU.ActiveCfg = Release|Any CPU
		{D7BF3F79-56B5-4A38-8231-13960662BF31}.Release|Any CPU.Build.0 = Release|Any CPU
	EndGlobalSection
	GlobalSection(SolutionProperties) = preSolution
		HideSolutionNode = FALSE
	EndGlobalSection
	GlobalSection(ExtensibilityGlobals) = postSolution
		SolutionGuid = {6C69FC69-FD32-4B70-9800-5E392C5DECC1}
	EndGlobalSection
EndGlobal
