
Microsoft Visual Studio Solution File, Format Version 12.00
# Visual Studio 15
VisualStudioVersion = 15.0.27703.2000
MinimumVisualStudioVersion = 10.0.40219.1
Project("{F184B08F-C81C-45F6-A57F-5ABD9991F28F}") = "WritingFiles", "WritingFiles\WritingFiles.vbproj", "{BDEF1A7B-1EAB-4707-98F9-094403E721C0}"
EndProject
Global
	GlobalSection(SolutionConfigurationPlatforms) = preSolution
		Debug|Any CPU = Debug|Any CPU
		Release|Any CPU = Release|Any CPU
	EndGlobalSection
	GlobalSection(ProjectConfigurationPlatforms) = postSolution
		{BDEF1A7B-1EAB-4707-98F9-094403E721C0}.Debug|Any CPU.ActiveCfg = Debug|Any CPU
		{BDEF1A7B-1EAB-4707-98F9-094403E721C0}.Debug|Any CPU.Build.0 = Debug|Any CPU
		{BDEF1A7B-1EAB-4707-98F9-094403E721C0}.Release|Any CPU.ActiveCfg = Release|Any CPU
		{BDEF1A7B-1EAB-4707-98F9-094403E721C0}.Release|Any CPU.Build.0 = Release|Any CPU
	EndGlobalSection
	GlobalSection(SolutionProperties) = preSolution
		HideSolutionNode = FALSE
	EndGlobalSection
	GlobalSection(ExtensibilityGlobals) = postSolution
		SolutionGuid = {0CB722B6-0652-40DF-8AB1-23C2E07B73F1}
	EndGlobalSection
EndGlobal
