
Microsoft Visual Studio Solution File, Format Version 12.00
# Visual Studio 15
VisualStudioVersion = 15.0.27703.2000
MinimumVisualStudioVersion = 10.0.40219.1
Project("{F184B08F-C81C-45F6-A57F-5ABD9991F28F}") = "ReadingFiles", "ReadingFiles\ReadingFiles.vbproj", "{BD9B30B9-8FCA-4980-994E-4E8CA3AE638C}"
EndProject
Global
	GlobalSection(SolutionConfigurationPlatforms) = preSolution
		Debug|Any CPU = Debug|Any CPU
		Release|Any CPU = Release|Any CPU
	EndGlobalSection
	GlobalSection(ProjectConfigurationPlatforms) = postSolution
		{BD9B30B9-8FCA-4980-994E-4E8CA3AE638C}.Debug|Any CPU.ActiveCfg = Debug|Any CPU
		{BD9B30B9-8FCA-4980-994E-4E8CA3AE638C}.Debug|Any CPU.Build.0 = Debug|Any CPU
		{BD9B30B9-8FCA-4980-994E-4E8CA3AE638C}.Release|Any CPU.ActiveCfg = Release|Any CPU
		{BD9B30B9-8FCA-4980-994E-4E8CA3AE638C}.Release|Any CPU.Build.0 = Release|Any CPU
	EndGlobalSection
	GlobalSection(SolutionProperties) = preSolution
		HideSolutionNode = FALSE
	EndGlobalSection
	GlobalSection(ExtensibilityGlobals) = postSolution
		SolutionGuid = {5B0B5C3B-6A8D-4354-B197-AEC7C3588CD2}
	EndGlobalSection
EndGlobal
